
Microsoft Visual Studio Solution File, Format Version 12.00
# Visual Studio 15
VisualStudioVersion = 15.0.26730.12
MinimumVisualStudioVersion = 10.0.40219.1
Project("{FAE04EC0-301F-11D3-BF4B-00C04F79EFBC}") = "RelogioPonto", "RelogioPonto\RelogioPonto.csproj", "{ED457B97-F282-4ED8-9E5F-0B21ECB602DE}"
EndProject
Global
	GlobalSection(SolutionConfigurationPlatforms) = preSolution
		Debug|Any CPU = Debug|Any CPU
		Release|Any CPU = Release|Any CPU
	EndGlobalSection
	GlobalSection(ProjectConfigurationPlatforms) = postSolution
		{ED457B97-F282-4ED8-9E5F-0B21ECB602DE}.Debug|Any CPU.ActiveCfg = Debug|Any CPU
		{ED457B97-F282-4ED8-9E5F-0B21ECB602DE}.Debug|Any CPU.Build.0 = Debug|Any CPU
		{ED457B97-F282-4ED8-9E5F-0B21ECB602DE}.Release|Any CPU.ActiveCfg = Release|Any CPU
		{ED457B97-F282-4ED8-9E5F-0B21ECB602DE}.Release|Any CPU.Build.0 = Release|Any CPU
	EndGlobalSection
	GlobalSection(SolutionProperties) = preSolution
		HideSolutionNode = FALSE
	EndGlobalSection
	GlobalSection(ExtensibilityGlobals) = postSolution
		SolutionGuid = {DCC53C98-60CD-48F9-95C1-1F3C81F25AC7}
	EndGlobalSection
EndGlobal
